// !$*UTF8*$!
{
	archiveVersion = 1;
	classes = {
	};
	objectVersion = 50;
	objects = {

/* Begin PBXBuildFile section */
		0E09295F25C2F3B800CCE9C4 /* AppDelegate.swift in Sources */ = {isa = PBXBuildFile; fileRef = 0E09295E25C2F3B800CCE9C4 /* AppDelegate.swift */; };
		0E09296125C2F3B800CCE9C4 /* SceneDelegate.swift in Sources */ = {isa = PBXBuildFile; fileRef = 0E09296025C2F3B800CCE9C4 /* SceneDelegate.swift */; };
		0E09296325C2F3B800CCE9C4 /* ViewController.swift in Sources */ = {isa = PBXBuildFile; fileRef = 0E09296225C2F3B800CCE9C4 /* ViewController.swift */; };
		0E09296625C2F3B800CCE9C4 /* Main.storyboard in Resources */ = {isa = PBXBuildFile; fileRef = 0E09296425C2F3B800CCE9C4 /* Main.storyboard */; };
		0E09296825C2F3BB00CCE9C4 /* Assets.xcassets in Resources */ = {isa = PBXBuildFile; fileRef = 0E09296725C2F3BB00CCE9C4 /* Assets.xcassets */; };
		0E09296B25C2F3BB00CCE9C4 /* LaunchScreen.storyboard in Resources */ = {isa = PBXBuildFile; fileRef = 0E09296925C2F3BB00CCE9C4 /* LaunchScreen.storyboard */; };
		0E09297C25C2F44500CCE9C4 /* kahve1.png in Resources */ = {isa = PBXBuildFile; fileRef = 0E09297325C2F44400CCE9C4 /* kahve1.png */; };
		0E09297D25C2F44500CCE9C4 /* logo.png in Resources */ = {isa = PBXBuildFile; fileRef = 0E09297425C2F44400CCE9C4 /* logo.png */; };
		0E09297E25C2F44500CCE9C4 /* kahve6.png in Resources */ = {isa = PBXBuildFile; fileRef = 0E09297525C2F44400CCE9C4 /* kahve6.png */; };
		0E09297F25C2F44500CCE9C4 /* kahve7.png in Resources */ = {isa = PBXBuildFile; fileRef = 0E09297625C2F44400CCE9C4 /* kahve7.png */; };
		0E09298025C2F44500CCE9C4 /* kahve3.png in Resources */ = {isa = PBXBuildFile; fileRef = 0E09297725C2F44500CCE9C4 /* kahve3.png */; };
		0E09298125C2F44500CCE9C4 /* kahve4.png in Resources */ = {isa = PBXBuildFile; fileRef = 0E09297825C2F44500CCE9C4 /* kahve4.png */; };
		0E09298225C2F44500CCE9C4 /* kahve2.png in Resources */ = {isa = PBXBuildFile; fileRef = 0E09297925C2F44500CCE9C4 /* kahve2.png */; };
		0E09298325C2F44500CCE9C4 /* kahve5.png in Resources */ = {isa = PBXBuildFile; fileRef = 0E09297A25C2F44500CCE9C4 /* kahve5.png */; };
		0E09298425C2F44500CCE9C4 /* kahve8.png in Resources */ = {isa = PBXBuildFile; fileRef = 0E09297B25C2F44500CCE9C4 /* kahve8.png */; };
		0E09298825C2F45600CCE9C4 /* arkaplan2.png in Resources */ = {isa = PBXBuildFile; fileRef = 0E09298625C2F45600CCE9C4 /* arkaplan2.png */; };
		0E09298925C2F45600CCE9C4 /* arkaplan1.jpg in Resources */ = {isa = PBXBuildFile; fileRef = 0E09298725C2F45600CCE9C4 /* arkaplan1.jpg */; };
		0E09298C25C2F95A00CCE9C4 /* toSecondController.swift in Sources */ = {isa = PBXBuildFile; fileRef = 0E09298B25C2F95900CCE9C4 /* toSecondController.swift */; };
		0E09298F25C2FA7D00CCE9C4 /* toCoffeeController.swift in Sources */ = {isa = PBXBuildFile; fileRef = 0E09298E25C2FA7D00CCE9C4 /* toCoffeeController.swift */; };
		0E09299225C2FE0700CCE9C4 /* Coffee.swift in Sources */ = {isa = PBXBuildFile; fileRef = 0E09299125C2FE0700CCE9C4 /* Coffee.swift */; };
		0E8C6C2325C36271009D01EE /* tasarım8.png in Resources */ = {isa = PBXBuildFile; fileRef = 0E8C6C1125C3626F009D01EE /* tasarım8.png */; };
		0E8C6C2725C36271009D01EE /* tasarım14.png in Resources */ = {isa = PBXBuildFile; fileRef = 0E8C6C1525C3626F009D01EE /* tasarım14.png */; };
		0E8C6C2825C36271009D01EE /* tasarım17.png in Resources */ = {isa = PBXBuildFile; fileRef = 0E8C6C1625C3626F009D01EE /* tasarım17.png */; };
		0E8C6C2C25C36271009D01EE /* tasarım15.png in Resources */ = {isa = PBXBuildFile; fileRef = 0E8C6C1A25C36270009D01EE /* tasarım15.png */; };
		0E8C6C2E25C36271009D01EE /* tasarım13.png in Resources */ = {isa = PBXBuildFile; fileRef = 0E8C6C1C25C36270009D01EE /* tasarım13.png */; };
		0E8C6C2F25C36271009D01EE /* tasarım16.png in Resources */ = {isa = PBXBuildFile; fileRef = 0E8C6C1D25C36270009D01EE /* tasarım16.png */; };
		0EA3555E25C424ED00719DC3 /* laterViewController.swift in Sources */ = {isa = PBXBuildFile; fileRef = 0EA3555D25C424ED00719DC3 /* laterViewController.swift */; };
		0EA3556425C4260A00719DC3 /* arkaplankahve.jpg in Resources */ = {isa = PBXBuildFile; fileRef = 0EA3556325C4260A00719DC3 /* arkaplankahve.jpg */; };
		0EA3556825C4266100719DC3 /* logo2.png in Resources */ = {isa = PBXBuildFile; fileRef = 0EA3556725C4266100719DC3 /* logo2.png */; };
/* End PBXBuildFile section */

/* Begin PBXFileReference section */
		0E09295B25C2F3B800CCE9C4 /* StarbucksMobilApp.app */ = {isa = PBXFileReference; explicitFileType = wrapper.application; includeInIndex = 0; path = StarbucksMobilApp.app; sourceTree = BUILT_PRODUCTS_DIR; };
		0E09295E25C2F3B800CCE9C4 /* AppDelegate.swift */ = {isa = PBXFileReference; lastKnownFileType = sourcecode.swift; path = AppDelegate.swift; sourceTree = "<group>"; };
		0E09296025C2F3B800CCE9C4 /* SceneDelegate.swift */ = {isa = PBXFileReference; lastKnownFileType = sourcecode.swift; path = SceneDelegate.swift; sourceTree = "<group>"; };
		0E09296225C2F3B800CCE9C4 /* ViewController.swift */ = {isa = PBXFileReference; lastKnownFileType = sourcecode.swift; path = ViewController.swift; sourceTree = "<group>"; };
		0E09296525C2F3B800CCE9C4 /* Base */ = {isa = PBXFileReference; lastKnownFileType = file.storyboard; name = Base; path = Base.lproj/Main.storyboard; sourceTree = "<group>"; };
		0E09296725C2F3BB00CCE9C4 /* Assets.xcassets */ = {isa = PBXFileReference; lastKnownFileType = folder.assetcatalog; path = Assets.xcassets; sourceTree = "<group>"; };
		0E09296A25C2F3BB00CCE9C4 /* Base */ = {isa = PBXFileReference; lastKnownFileType = file.storyboard; name = Base; path = Base.lproj/LaunchScreen.storyboard; sourceTree = "<group>"; };
		0E09296C25C2F3BB00CCE9C4 /* Info.plist */ = {isa = PBXFileReference; lastKnownFileType = text.plist.xml; path = Info.plist; sourceTree = "<group>"; };
		0E09297325C2F44400CCE9C4 /* kahve1.png */ = {isa = PBXFileReference; lastKnownFileType = image.png; path = kahve1.png; sourceTree = "<group>"; };
		0E09297425C2F44400CCE9C4 /* logo.png */ = {isa = PBXFileReference; lastKnownFileType = image.png; path = logo.png; sourceTree = "<group>"; };
		0E09297525C2F44400CCE9C4 /* kahve6.png */ = {isa = PBXFileReference; lastKnownFileType = image.png; path = kahve6.png; sourceTree = "<group>"; };
		0E09297625C2F44400CCE9C4 /* kahve7.png */ = {isa = PBXFileReference; lastKnownFileType = image.png; path = kahve7.png; sourceTree = "<group>"; };
		0E09297725C2F44500CCE9C4 /* kahve3.png */ = {isa = PBXFileReference; lastKnownFileType = image.png; path = kahve3.png; sourceTree = "<group>"; };
		0E09297825C2F44500CCE9C4 /* kahve4.png */ = {isa = PBXFileReference; lastKnownFileType = image.png; path = kahve4.png; sourceTree = "<group>"; };
		0E09297925C2F44500CCE9C4 /* kahve2.png */ = {isa = PBXFileReference; lastKnownFileType = image.png; path = kahve2.png; sourceTree = "<group>"; };
		0E09297A25C2F44500CCE9C4 /* kahve5.png */ = {isa = PBXFileReference; lastKnownFileType = image.png; path = kahve5.png; sourceTree = "<group>"; };
		0E09297B25C2F44500CCE9C4 /* kahve8.png */ = {isa = PBXFileReference; lastKnownFileType = image.png; path = kahve8.png; sourceTree = "<group>"; };
		0E09298625C2F45600CCE9C4 /* arkaplan2.png */ = {isa = PBXFileReference; lastKnownFileType = image.png; path = arkaplan2.png; sourceTree = "<group>"; };
		0E09298725C2F45600CCE9C4 /* arkaplan1.jpg */ = {isa = PBXFileReference; lastKnownFileType = image.jpeg; path = arkaplan1.jpg; sourceTree = "<group>"; };
		0E09298B25C2F95900CCE9C4 /* toSecondController.swift */ = {isa = PBXFileReference; lastKnownFileType = sourcecode.swift; path = toSecondController.swift; sourceTree = "<group>"; };
		0E09298E25C2FA7D00CCE9C4 /* toCoffeeController.swift */ = {isa = PBXFileReference; lastKnownFileType = sourcecode.swift; path = toCoffeeController.swift; sourceTree = "<group>"; };
		0E09299125C2FE0700CCE9C4 /* Coffee.swift */ = {isa = PBXFileReference; lastKnownFileType = sourcecode.swift; path = Coffee.swift; sourceTree = "<group>"; };
		0E8C6C1125C3626F009D01EE /* tasarım8.png */ = {isa = PBXFileReference; lastKnownFileType = image.png; path = "tasarım8.png"; sourceTree = "<group>"; };
		0E8C6C1525C3626F009D01EE /* tasarım14.png */ = {isa = PBXFileReference; lastKnownFileType = image.png; path = "tasarım14.png"; sourceTree = "<group>"; };
		0E8C6C1625C3626F009D01EE /* tasarım17.png */ = {isa = PBXFileReference; lastKnownFileType = image.png; path = "tasarım17.png"; sourceTree = "<group>"; };
		0E8C6C1A25C36270009D01EE /* tasarım15.png */ = {isa = PBXFileReference; lastKnownFileType = image.png; path = "tasarım15.png"; sourceTree = "<group>"; };
		0E8C6C1C25C36270009D01EE /* tasarım13.png */ = {isa = PBXFileReference; lastKnownFileType = image.png; path = "tasarım13.png"; sourceTree = "<group>"; };
		0E8C6C1D25C36270009D01EE /* tasarım16.png */ = {isa = PBXFileReference; lastKnownFileType = image.png; path = "tasarım16.png"; sourceTree = "<group>"; };
		0EA3555D25C424ED00719DC3 /* laterViewController.swift */ = {isa = PBXFileReference; lastKnownFileType = sourcecode.swift; path = laterViewController.swift; sourceTree = "<group>"; };
		0EA3556325C4260A00719DC3 /* arkaplankahve.jpg */ = {isa = PBXFileReference; lastKnownFileType = image.jpeg; path = arkaplankahve.jpg; sourceTree = "<group>"; };
		0EA3556725C4266100719DC3 /* logo2.png */ = {isa = PBXFileReference; lastKnownFileType = image.png; path = logo2.png; sourceTree = "<group>"; };
/* End PBXFileReference section */

/* Begin PBXFrameworksBuildPhase section */
		0E09295825C2F3B800CCE9C4 /* Frameworks */ = {
			isa = PBXFrameworksBuildPhase;
			buildActionMask = 2147483647;
			files = (
			);
			runOnlyForDeploymentPostprocessing = 0;
		};
/* End PBXFrameworksBuildPhase section */

/* Begin PBXGroup section */
		0E09295225C2F3B800CCE9C4 = {
			isa = PBXGroup;
			children = (
				0E09295D25C2F3B800CCE9C4 /* StarbucksMobilApp */,
				0E09295C25C2F3B800CCE9C4 /* Products */,
			);
			sourceTree = "<group>";
		};
		0E09295C25C2F3B800CCE9C4 /* Products */ = {
			isa = PBXGroup;
			children = (
				0E09295B25C2F3B800CCE9C4 /* StarbucksMobilApp.app */,
			);
			name = Products;
			sourceTree = "<group>";
		};
		0E09295D25C2F3B800CCE9C4 /* StarbucksMobilApp */ = {
			isa = PBXGroup;
			children = (
				0E09295E25C2F3B800CCE9C4 /* AppDelegate.swift */,
				0E09296025C2F3B800CCE9C4 /* SceneDelegate.swift */,
				0E09296225C2F3B800CCE9C4 /* ViewController.swift */,
				0EA3555D25C424ED00719DC3 /* laterViewController.swift */,
				0E09298B25C2F95900CCE9C4 /* toSecondController.swift */,
				0E09298E25C2FA7D00CCE9C4 /* toCoffeeController.swift */,
				0E09296425C2F3B800CCE9C4 /* Main.storyboard */,
				0E09296725C2F3BB00CCE9C4 /* Assets.xcassets */,
				0E09297325C2F44400CCE9C4 /* kahve1.png */,
				0E09297925C2F44500CCE9C4 /* kahve2.png */,
				0E09297725C2F44500CCE9C4 /* kahve3.png */,
				0E09297825C2F44500CCE9C4 /* kahve4.png */,
				0E09297A25C2F44500CCE9C4 /* kahve5.png */,
				0E09297525C2F44400CCE9C4 /* kahve6.png */,
				0E09297625C2F44400CCE9C4 /* kahve7.png */,
				0E09297B25C2F44500CCE9C4 /* kahve8.png */,
				0E09298725C2F45600CCE9C4 /* arkaplan1.jpg */,
				0E09298625C2F45600CCE9C4 /* arkaplan2.png */,
				0E09297425C2F44400CCE9C4 /* logo.png */,
				0EA3556725C4266100719DC3 /* logo2.png */,
				0EA3556325C4260A00719DC3 /* arkaplankahve.jpg */,
				0E8C6C1125C3626F009D01EE /* tasarım8.png */,
				0E8C6C1C25C36270009D01EE /* tasarım13.png */,
				0E8C6C1525C3626F009D01EE /* tasarım14.png */,
				0E8C6C1A25C36270009D01EE /* tasarım15.png */,
				0E8C6C1D25C36270009D01EE /* tasarım16.png */,
				0E8C6C1625C3626F009D01EE /* tasarım17.png */,
				0E09296925C2F3BB00CCE9C4 /* LaunchScreen.storyboard */,
				0E09296C25C2F3BB00CCE9C4 /* Info.plist */,
				0E09299125C2FE0700CCE9C4 /* Coffee.swift */,
			);
			path = StarbucksMobilApp;
			sourceTree = "<group>";
		};
/* End PBXGroup section */

/* Begin PBXNativeTarget section */
		0E09295A25C2F3B800CCE9C4 /* StarbucksMobilApp */ = {
			isa = PBXNativeTarget;
			buildConfigurationList = 0E09296F25C2F3BB00CCE9C4 /* Build configuration list for PBXNativeTarget "StarbucksMobilApp" */;
			buildPhases = (
				0E09295725C2F3B800CCE9C4 /* Sources */,
				0E09295825C2F3B800CCE9C4 /* Frameworks */,
				0E09295925C2F3B800CCE9C4 /* Resources */,
			);
			buildRules = (
			);
			dependencies = (
			);
			name = StarbucksMobilApp;
			productName = StarbucksMobilApp;
			productReference = 0E09295B25C2F3B800CCE9C4 /* StarbucksMobilApp.app */;
			productType = "com.apple.product-type.application";
		};
/* End PBXNativeTarget section */

/* Begin PBXProject section */
		0E09295325C2F3B800CCE9C4 /* Project object */ = {
			isa = PBXProject;
			attributes = {
				LastSwiftUpdateCheck = 1230;
				LastUpgradeCheck = 1230;
				TargetAttributes = {
					0E09295A25C2F3B800CCE9C4 = {
						CreatedOnToolsVersion = 12.3;
					};
				};
			};
			buildConfigurationList = 0E09295625C2F3B800CCE9C4 /* Build configuration list for PBXProject "StarbucksMobilApp" */;
			compatibilityVersion = "Xcode 9.3";
			developmentRegion = en;
			hasScannedForEncodings = 0;
			knownRegions = (
				en,
				Base,
			);
			mainGroup = 0E09295225C2F3B800CCE9C4;
			productRefGroup = 0E09295C25C2F3B800CCE9C4 /* Products */;
			projectDirPath = "";
			projectRoot = "";
			targets = (
				0E09295A25C2F3B800CCE9C4 /* StarbucksMobilApp */,
			);
		};
/* End PBXProject section */

/* Begin PBXResourcesBuildPhase section */
		0E09295925C2F3B800CCE9C4 /* Resources */ = {
			isa = PBXResourcesBuildPhase;
			buildActionMask = 2147483647;
			files = (
				0E8C6C2725C36271009D01EE /* tasarım14.png in Resources */,
				0E09296B25C2F3BB00CCE9C4 /* LaunchScreen.storyboard in Resources */,
				0E8C6C2325C36271009D01EE /* tasarım8.png in Resources */,
				0E09298325C2F44500CCE9C4 /* kahve5.png in Resources */,
				0E09297D25C2F44500CCE9C4 /* logo.png in Resources */,
				0E09298225C2F44500CCE9C4 /* kahve2.png in Resources */,
				0E09297F25C2F44500CCE9C4 /* kahve7.png in Resources */,
				0E8C6C2E25C36271009D01EE /* tasarım13.png in Resources */,
				0E09298125C2F44500CCE9C4 /* kahve4.png in Resources */,
				0E09297C25C2F44500CCE9C4 /* kahve1.png in Resources */,
				0E09298825C2F45600CCE9C4 /* arkaplan2.png in Resources */,
				0E09296825C2F3BB00CCE9C4 /* Assets.xcassets in Resources */,
				0EA3556425C4260A00719DC3 /* arkaplankahve.jpg in Resources */,
				0E09298425C2F44500CCE9C4 /* kahve8.png in Resources */,
				0E09297E25C2F44500CCE9C4 /* kahve6.png in Resources */,
				0E8C6C2C25C36271009D01EE /* tasarım15.png in Resources */,
				0E8C6C2F25C36271009D01EE /* tasarım16.png in Resources */,
				0E09298925C2F45600CCE9C4 /* arkaplan1.jpg in Resources */,
				0E09296625C2F3B800CCE9C4 /* Main.storyboard in Resources */,
				0EA3556825C4266100719DC3 /* logo2.png in Resources */,
				0E09298025C2F44500CCE9C4 /* kahve3.png in Resources */,
				0E8C6C2825C36271009D01EE /* tasarım17.png in Resources */,
			);
			runOnlyForDeploymentPostprocessing = 0;
		};
/* End PBXResourcesBuildPhase section */

/* Begin PBXSourcesBuildPhase section */
		0E09295725C2F3B800CCE9C4 /* Sources */ = {
			isa = PBXSourcesBuildPhase;
			buildActionMask = 2147483647;
			files = (
				0E09298F25C2FA7D00CCE9C4 /* toCoffeeController.swift in Sources */,
				0EA3555E25C424ED00719DC3 /* laterViewController.swift in Sources */,
				0E09296325C2F3B800CCE9C4 /* ViewController.swift in Sources */,
				0E09295F25C2F3B800CCE9C4 /* AppDelegate.swift in Sources */,
				0E09298C25C2F95A00CCE9C4 /* toSecondController.swift in Sources */,
				0E09296125C2F3B800CCE9C4 /* SceneDelegate.swift in Sources */,
				0E09299225C2FE0700CCE9C4 /* Coffee.swift in Sources */,
			);
			runOnlyForDeploymentPostprocessing = 0;
		};
/* End PBXSourcesBuildPhase section */

/* Begin PBXVariantGroup section */
		0E09296425C2F3B800CCE9C4 /* Main.storyboard */ = {
			isa = PBXVariantGroup;
			children = (
				0E09296525C2F3B800CCE9C4 /* Base */,
			);
			name = Main.storyboard;
			sourceTree = "<group>";
		};
		0E09296925C2F3BB00CCE9C4 /* LaunchScreen.storyboard */ = {
			isa = PBXVariantGroup;
			children = (
				0E09296A25C2F3BB00CCE9C4 /* Base */,
			);
			name = LaunchScreen.storyboard;
			sourceTree = "<group>";
		};
/* End PBXVariantGroup section */

/* Begin XCBuildConfiguration section */
		0E09296D25C2F3BB00CCE9C4 /* Debug */ = {
			isa = XCBuildConfiguration;
			buildSettings = {
				ALWAYS_SEARCH_USER_PATHS = NO;
				CLANG_ANALYZER_NONNULL = YES;
				CLANG_ANALYZER_NUMBER_OBJECT_CONVERSION = YES_AGGRESSIVE;
				CLANG_CXX_LANGUAGE_STANDARD = "gnu++14";
				CLANG_CXX_LIBRARY = "libc++";
				CLANG_ENABLE_MODULES = YES;
				CLANG_ENABLE_OBJC_ARC = YES;
				CLANG_ENABLE_OBJC_WEAK = YES;
				CLANG_WARN_BLOCK_CAPTURE_AUTORELEASING = YES;
				CLANG_WARN_BOOL_CONVERSION = YES;
				CLANG_WARN_COMMA = YES;
				CLANG_WARN_CONSTANT_CONVERSION = YES;
				CLANG_WARN_DEPRECATED_OBJC_IMPLEMENTATIONS = YES;
				CLANG_WARN_DIRECT_OBJC_ISA_USAGE = YES_ERROR;
				CLANG_WARN_DOCUMENTATION_COMMENTS = YES;
				CLANG_WARN_EMPTY_BODY = YES;
				CLANG_WARN_ENUM_CONVERSION = YES;
				CLANG_WARN_INFINITE_RECURSION = YES;
				CLANG_WARN_INT_CONVERSION = YES;
				CLANG_WARN_NON_LITERAL_NULL_CONVERSION = YES;
				CLANG_WARN_OBJC_IMPLICIT_RETAIN_SELF = YES;
				CLANG_WARN_OBJC_LITERAL_CONVERSION = YES;
				CLANG_WARN_OBJC_ROOT_CLASS = YES_ERROR;
				CLANG_WARN_QUOTED_INCLUDE_IN_FRAMEWORK_HEADER = YES;
				CLANG_WARN_RANGE_LOOP_ANALYSIS = YES;
				CLANG_WARN_STRICT_PROTOTYPES = YES;
				CLANG_WARN_SUSPICIOUS_MOVE = YES;
				CLANG_WARN_UNGUARDED_AVAILABILITY = YES_AGGRESSIVE;
				CLANG_WARN_UNREACHABLE_CODE = YES;
				CLANG_WARN__DUPLICATE_METHOD_MATCH = YES;
				COPY_PHASE_STRIP = NO;
				DEBUG_INFORMATION_FORMAT = dwarf;
				ENABLE_STRICT_OBJC_MSGSEND = YES;
				ENABLE_TESTABILITY = YES;
				GCC_C_LANGUAGE_STANDARD = gnu11;
				GCC_DYNAMIC_NO_PIC = NO;
				GCC_NO_COMMON_BLOCKS = YES;
				GCC_OPTIMIZATION_LEVEL = 0;
				GCC_PREPROCESSOR_DEFINITIONS = (
					"DEBUG=1",
					"$(inherited)",
				);
				GCC_WARN_64_TO_32_BIT_CONVERSION = YES;
				GCC_WARN_ABOUT_RETURN_TYPE = YES_ERROR;
				GCC_WARN_UNDECLARED_SELECTOR = YES;
				GCC_WARN_UNINITIALIZED_AUTOS = YES_AGGRESSIVE;
				GCC_WARN_UNUSED_FUNCTION = YES;
				GCC_WARN_UNUSED_VARIABLE = YES;
				IPHONEOS_DEPLOYMENT_TARGET = 14.3;
				MTL_ENABLE_DEBUG_INFO = INCLUDE_SOURCE;
				MTL_FAST_MATH = YES;
				ONLY_ACTIVE_ARCH = YES;
				SDKROOT = iphoneos;
				SWIFT_ACTIVE_COMPILATION_CONDITIONS = DEBUG;
				SWIFT_OPTIMIZATION_LEVEL = "-Onone";
			};
			name = Debug;
		};
		0E09296E25C2F3BB00CCE9C4 /* Release */ = {
			isa = XCBuildConfiguration;
			buildSettings = {
				ALWAYS_SEARCH_USER_PATHS = NO;
				CLANG_ANALYZER_NONNULL = YES;
				CLANG_ANALYZER_NUMBER_OBJECT_CONVERSION = YES_AGGRESSIVE;
				CLANG_CXX_LANGUAGE_STANDARD = "gnu++14";
				CLANG_CXX_LIBRARY = "libc++";
				CLANG_ENABLE_MODULES = YES;
				CLANG_ENABLE_OBJC_ARC = YES;
				CLANG_ENABLE_OBJC_WEAK = YES;
				CLANG_WARN_BLOCK_CAPTURE_AUTORELEASING = YES;
				CLANG_WARN_BOOL_CONVERSION = YES;
				CLANG_WARN_COMMA = YES;
				CLANG_WARN_CONSTANT_CONVERSION = YES;
				CLANG_WARN_DEPRECATED_OBJC_IMPLEMENTATIONS = YES;
				CLANG_WARN_DIRECT_OBJC_ISA_USAGE = YES_ERROR;
				CLANG_WARN_DOCUMENTATION_COMMENTS = YES;
				CLANG_WARN_EMPTY_BODY = YES;
				CLANG_WARN_ENUM_CONVERSION = YES;
				CLANG_WARN_INFINITE_RECURSION = YES;
				CLANG_WARN_INT_CONVERSION = YES;
				CLANG_WARN_NON_LITERAL_NULL_CONVERSION = YES;
				CLANG_WARN_OBJC_IMPLICIT_RETAIN_SELF = YES;
				CLANG_WARN_OBJC_LITERAL_CONVERSION = YES;
				CLANG_WARN_OBJC_ROOT_CLASS = YES_ERROR;
				CLANG_WARN_QUOTED_INCLUDE_IN_FRAMEWORK_HEADER = YES;
				CLANG_WARN_RANGE_LOOP_ANALYSIS = YES;
				CLANG_WARN_STRICT_PROTOTYPES = YES;
				CLANG_WARN_SUSPICIOUS_MOVE = YES;
				CLANG_WARN_UNGUARDED_AVAILABILITY = YES_AGGRESSIVE;
				CLANG_WARN_UNREACHABLE_CODE = YES;
				CLANG_WARN__DUPLICATE_METHOD_MATCH = YES;
				COPY_PHASE_STRIP = NO;
				DEBUG_INFORMATION_FORMAT = "dwarf-with-dsym";
				ENABLE_NS_ASSERTIONS = NO;
				ENABLE_STRICT_OBJC_MSGSEND = YES;
				GCC_C_LANGUAGE_STANDARD = gnu11;
				GCC_NO_COMMON_BLOCKS = YES;
				GCC_WARN_64_TO_32_BIT_CONVERSION = YES;
				GCC_WARN_ABOUT_RETURN_TYPE = YES_ERROR;
				GCC_WARN_UNDECLARED_SELECTOR = YES;
				GCC_WARN_UNINITIALIZED_AUTOS = YES_AGGRESSIVE;
				GCC_WARN_UNUSED_FUNCTION = YES;
				GCC_WARN_UNUSED_VARIABLE = YES;
				IPHONEOS_DEPLOYMENT_TARGET = 14.3;
				MTL_ENABLE_DEBUG_INFO = NO;
				MTL_FAST_MATH = YES;
				SDKROOT = iphoneos;
				SWIFT_COMPILATION_MODE = wholemodule;
				SWIFT_OPTIMIZATION_LEVEL = "-O";
				VALIDATE_PRODUCT = YES;
			};
			name = Release;
		};
		0E09297025C2F3BB00CCE9C4 /* Debug */ = {
			isa = XCBuildConfiguration;
			buildSettings = {
				ASSETCATALOG_COMPILER_APPICON_NAME = AppIcon;
				ASSETCATALOG_COMPILER_GLOBAL_ACCENT_COLOR_NAME = AccentColor;
				CODE_SIGN_STYLE = Automatic;
				INFOPLIST_FILE = StarbucksMobilApp/Info.plist;
				LD_RUNPATH_SEARCH_PATHS = (
					"$(inherited)",
					"@executable_path/Frameworks",
				);
				PRODUCT_BUNDLE_IDENTIFIER = KARATEPE.StarbucksMobilApp;
				PRODUCT_NAME = "$(TARGET_NAME)";
				SWIFT_VERSION = 5.0;
				TARGETED_DEVICE_FAMILY = "1,2";
			};
			name = Debug;
		};
		0E09297125C2F3BB00CCE9C4 /* Release */ = {
			isa = XCBuildConfiguration;
			buildSettings = {
				ASSETCATALOG_COMPILER_APPICON_NAME = AppIcon;
				ASSETCATALOG_COMPILER_GLOBAL_ACCENT_COLOR_NAME = AccentColor;
				CODE_SIGN_STYLE = Automatic;
				INFOPLIST_FILE = StarbucksMobilApp/Info.plist;
				LD_RUNPATH_SEARCH_PATHS = (
					"$(inherited)",
					"@executable_path/Frameworks",
				);
				PRODUCT_BUNDLE_IDENTIFIER = KARATEPE.StarbucksMobilApp;
				PRODUCT_NAME = "$(TARGET_NAME)";
				SWIFT_VERSION = 5.0;
				TARGETED_DEVICE_FAMILY = "1,2";
			};
			name = Release;
		};
/* End XCBuildConfiguration section */

/* Begin XCConfigurationList section */
		0E09295625C2F3B800CCE9C4 /* Build configuration list for PBXProject "StarbucksMobilApp" */ = {
			isa = XCConfigurationList;
			buildConfigurations = (
				0E09296D25C2F3BB00CCE9C4 /* Debug */,
				0E09296E25C2F3BB00CCE9C4 /* Release */,
			);
			defaultConfigurationIsVisible = 0;
			defaultConfigurationName = Release;
		};
		0E09296F25C2F3BB00CCE9C4 /* Build configuration list for PBXNativeTarget "StarbucksMobilApp" */ = {
			isa = XCConfigurationList;
			buildConfigurations = (
				0E09297025C2F3BB00CCE9C4 /* Debug */,
				0E09297125C2F3BB00CCE9C4 /* Release */,
			);
			defaultConfigurationIsVisible = 0;
			defaultConfigurationName = Release;
		};
/* End XCConfigurationList section */
	};
	rootObject = 0E09295325C2F3B800CCE9C4 /* Project object */;
}
